// !$*UTF8*$!
{
	archiveVersion = 1;
	classes = {
	};
	objectVersion = 46;
	objects = {

/* Begin PBXFileReference section */
		633B19F51B9ACABB0098ADFD /* ChangeLogUnzip */ = {isa = PBXFileReference; lastKnownFileType = text; path = ChangeLogUnzip; sourceTree = "<group>"; };
		633B19F61B9ACABB0098ADFD /* crypt.h */ = {isa = PBXFileReference; lastKnownFileType = sourcecode.c.h; path = crypt.h; sourceTree = "<group>"; };
		633B19F71B9ACABB0098ADFD /* ioapi.c */ = {isa = PBXFileReference; lastKnownFileType = sourcecode.c.c; path = ioapi.c; sourceTree = "<group>"; };
		633B19F81B9ACABB0098ADFD /* ioapi.h */ = {isa = PBXFileReference; lastKnownFileType = sourcecode.c.h; path = ioapi.h; sourceTree = "<group>"; };
		633B19F91B9ACABB0098ADFD /* make_vms.com */ = {isa = PBXFileReference; lastKnownFileType = text; path = make_vms.com; sourceTree = "<group>"; };
		633B19FA1B9ACABB0098ADFD /* Makefile */ = {isa = PBXFileReference; lastKnownFileType = sourcecode.make; path = Makefile; sourceTree = "<group>"; };
		633B19FB1B9ACABB0098ADFD /* miniunz.c */ = {isa = PBXFileReference; lastKnownFileType = sourcecode.c.c; path = miniunz.c; sourceTree = "<group>"; };
		633B19FC1B9ACABB0098ADFD /* minizip.c */ = {isa = PBXFileReference; lastKnownFileType = sourcecode.c.c; path = minizip.c; sourceTree = "<group>"; };
		633B19FD1B9ACABB0098ADFD /* MiniZip64_Changes.txt */ = {isa = PBXFileReference; lastKnownFileType = text; path = MiniZip64_Changes.txt; sourceTree = "<group>"; };
		633B19FE1B9ACABB0098ADFD /* MiniZip64_info.txt */ = {isa = PBXFileReference; lastKnownFileType = text; path = MiniZip64_info.txt; sourceTree = "<group>"; };
		633B19FF1B9ACABB0098ADFD /* mztools.c */ = {isa = PBXFileReference; lastKnownFileType = sourcecode.c.c; path = mztools.c; sourceTree = "<group>"; };
		633B1A001B9ACABB0098ADFD /* mztools.h */ = {isa = PBXFileReference; lastKnownFileType = sourcecode.c.h; path = mztools.h; sourceTree = "<group>"; };
		633B1A011B9ACABB0098ADFD /* unzip.c */ = {isa = PBXFileReference; lastKnownFileType = sourcecode.c.c; path = unzip.c; sourceTree = "<group>"; };
		633B1A021B9ACABB0098ADFD /* unzip.h */ = {isa = PBXFileReference; lastKnownFileType = sourcecode.c.h; path = unzip.h; sourceTree = "<group>"; };
		633B1A031B9ACABB0098ADFD /* zip.c */ = {isa = PBXFileReference; lastKnownFileType = sourcecode.c.c; path = zip.c; sourceTree = "<group>"; };
		633B1A041B9ACABB0098ADFD /* zip.h */ = {isa = PBXFileReference; lastKnownFileType = sourcecode.c.h; path = zip.h; sourceTree = "<group>"; };
/* End PBXFileReference section */

/* Begin PBXGroup section */
		633B19EF1B9ACABB0098ADFD = {
			isa = PBXGroup;
			children = (
				633B19F51B9ACABB0098ADFD /* ChangeLogUnzip */,
				633B19F61B9ACABB0098ADFD /* crypt.h */,
				633B19F71B9ACABB0098ADFD /* ioapi.c */,
				633B19F81B9ACABB0098ADFD /* ioapi.h */,
				633B19F91B9ACABB0098ADFD /* make_vms.com */,
				633B19FA1B9ACABB0098ADFD /* Makefile */,
				633B19FB1B9ACABB0098ADFD /* miniunz.c */,
				633B19FC1B9ACABB0098ADFD /* minizip.c */,
				633B19FD1B9ACABB0098ADFD /* MiniZip64_Changes.txt */,
				633B19FE1B9ACABB0098ADFD /* MiniZip64_info.txt */,
				633B19FF1B9ACABB0098ADFD /* mztools.c */,
				633B1A001B9ACABB0098ADFD /* mztools.h */,
				633B1A011B9ACABB0098ADFD /* unzip.c */,
				633B1A021B9ACABB0098ADFD /* unzip.h */,
				633B1A031B9ACABB0098ADFD /* zip.c */,
				633B1A041B9ACABB0098ADFD /* zip.h */,
			);
			sourceTree = "<group>";
		};
/* End PBXGroup section */

/* Begin PBXLegacyTarget section */
		633B19F41B9ACABB0098ADFD /* minizip */ = {
			isa = PBXLegacyTarget;
			buildArgumentsString = "$(ACTION)";
			buildConfigurationList = 633B1A051B9ACABB0098ADFD /* Build configuration list for PBXLegacyTarget "minizip" */;
			buildPhases = (
			);
			buildToolPath = /usr/bin/make;
			buildWorkingDirectory = "/Users/david/Downloads/ZipArchive-master-4/minizip";
			dependencies = (
			);
			name = minizip;
			passBuildSettingsInEnvironment = 1;
			productName = minizip;
		};
/* End PBXLegacyTarget section */

/* Begin PBXProject section */
		633B19F01B9ACABB0098ADFD /* Project object */ = {
			isa = PBXProject;
			attributes = {
			};
			buildConfigurationList = 633B19F31B9ACABB0098ADFD /* Build configuration list for PBXProject "minizip" */;
			compatibilityVersion = "Xcode 3.2";
			developmentRegion = English;
			hasScannedForEncodings = 0;
			knownRegions = (
				en,
			);
			mainGroup = 633B19EF1B9ACABB0098ADFD;
			projectDirPath = "";
			projectRoot = "";
			targets = (
				633B19F41B9ACABB0098ADFD /* minizip */,
			);
		};
/* End PBXProject section */

/* Begin XCBuildConfiguration section */
		633B19F11B9ACABB0098ADFD /* Debug */ = {
			isa = XCBuildConfiguration;
			buildSettings = {
				ARCHS = "$(ARCHS_STANDARD_32_BIT)";
				COPY_PHASE_STRIP = NO;
				GCC_WARN_ABOUT_RETURN_TYPE = YES;
				GCC_WARN_UNUSED_VARIABLE = YES;
				ONLY_ACTIVE_ARCH = YES;
				SDKROOT = macosx10.6;
			};
			name = Debug;
		};
		633B19F21B9ACABB0098ADFD /* Release */ = {
			isa = XCBuildConfiguration;
			buildSettings = {
				ARCHS = "$(ARCHS_STANDARD_32_BIT)";
				COPY_PHASE_STRIP = YES;
				GCC_WARN_ABOUT_RETURN_TYPE = YES;
				GCC_WARN_UNUSED_VARIABLE = YES;
				SDKROOT = macosx10.6;
			};
			name = Release;
		};
		633B1A061B9ACABB0098ADFD /* Debug */ = {
			isa = XCBuildConfiguration;
			buildSettings = {
				COPY_PHASE_STRIP = NO;
				DEBUGGING_SYMBOLS = YES;
				GCC_DYNAMIC_NO_PIC = NO;
				GCC_ENABLE_FIX_AND_CONTINUE = YES;
				GCC_GENERATE_DEBUGGING_SYMBOLS = YES;
				GCC_OPTIMIZATION_LEVEL = 0;
				OTHER_CFLAGS = "";
				OTHER_LDFLAGS = "";
				PRODUCT_NAME = minizip;
			};
			name = Debug;
		};
		633B1A071B9ACABB0098ADFD /* Release */ = {
			isa = XCBuildConfiguration;
			buildSettings = {
				COPY_PHASE_STRIP = YES;
				DEBUG_INFORMATION_FORMAT = "dwarf-with-dsym";
				GCC_ENABLE_FIX_AND_CONTINUE = NO;
				OTHER_CFLAGS = "";
				OTHER_LDFLAGS = "";
				PRODUCT_NAME = minizip;
			};
			name = Release;
		};
/* End XCBuildConfiguration section */

/* Begin XCConfigurationList section */
		633B19F31B9ACABB0098ADFD /* Build configuration list for PBXProject "minizip" */ = {
			isa = XCConfigurationList;
			buildConfigurations = (
				633B19F11B9ACABB0098ADFD /* Debug */,
				633B19F21B9ACABB0098ADFD /* Release */,
			);
			defaultConfigurationIsVisible = 0;
			defaultConfigurationName = Release;
		};
		633B1A051B9ACABB0098ADFD /* Build configuration list for PBXLegacyTarget "minizip" */ = {
			isa = XCConfigurationList;
			buildConfigurations = (
				633B1A061B9ACABB0098ADFD /* Debug */,
				633B1A071B9ACABB0098ADFD /* Release */,
			);
			defaultConfigurationIsVisible = 0;
			defaultConfigurationName = Release;
		};
/* End XCConfigurationList section */
	};
	rootObject = 633B19F01B9ACABB0098ADFD /* Project object */;
}
