// !$*UTF8*$!
{
	archiveVersion = 1;
	classes = {
	};
	objectVersion = 46;
	objects = {

/* Begin PBXFileReference section */
		6346DF111B9ACC7F00F7B5A4 /* .DS_Store */ = {isa = PBXFileReference; lastKnownFileType = file; path = .DS_Store; sourceTree = "<group>"; };
		6346DF121B9ACC7F00F7B5A4 /* ChangeLogUnzip */ = {isa = PBXFileReference; lastKnownFileType = text; path = ChangeLogUnzip; sourceTree = "<group>"; };
		6346DF131B9ACC7F00F7B5A4 /* crypt.h */ = {isa = PBXFileReference; lastKnownFileType = sourcecode.c.h; path = crypt.h; sourceTree = "<group>"; };
		6346DF141B9ACC7F00F7B5A4 /* ioapi.c */ = {isa = PBXFileReference; lastKnownFileType = sourcecode.c.c; path = ioapi.c; sourceTree = "<group>"; };
		6346DF151B9ACC7F00F7B5A4 /* ioapi.h */ = {isa = PBXFileReference; lastKnownFileType = sourcecode.c.h; path = ioapi.h; sourceTree = "<group>"; };
		6346DF161B9ACC7F00F7B5A4 /* make_vms.com */ = {isa = PBXFileReference; lastKnownFileType = text; path = make_vms.com; sourceTree = "<group>"; };
		6346DF171B9ACC7F00F7B5A4 /* Makefile */ = {isa = PBXFileReference; lastKnownFileType = sourcecode.make; path = Makefile; sourceTree = "<group>"; };
		6346DF181B9ACC7F00F7B5A4 /* miniunz.c */ = {isa = PBXFileReference; lastKnownFileType = sourcecode.c.c; path = miniunz.c; sourceTree = "<group>"; };
		6346DF191B9ACC7F00F7B5A4 /* minizip.c */ = {isa = PBXFileReference; lastKnownFileType = sourcecode.c.c; path = minizip.c; sourceTree = "<group>"; };
		6346DF1A1B9ACC7F00F7B5A4 /* minizip.xcodeproj */ = {isa = PBXFileReference; lastKnownFileType = "wrapper.pb-project"; path = minizip.xcodeproj; sourceTree = "<group>"; };
		6346DF1D1B9ACC7F00F7B5A4 /* MiniZip64_Changes.txt */ = {isa = PBXFileReference; lastKnownFileType = text; path = MiniZip64_Changes.txt; sourceTree = "<group>"; };
		6346DF1E1B9ACC7F00F7B5A4 /* MiniZip64_info.txt */ = {isa = PBXFileReference; lastKnownFileType = text; path = MiniZip64_info.txt; sourceTree = "<group>"; };
		6346DF1F1B9ACC7F00F7B5A4 /* mztools.c */ = {isa = PBXFileReference; lastKnownFileType = sourcecode.c.c; path = mztools.c; sourceTree = "<group>"; };
		6346DF201B9ACC7F00F7B5A4 /* mztools.h */ = {isa = PBXFileReference; lastKnownFileType = sourcecode.c.h; path = mztools.h; sourceTree = "<group>"; };
		6346DF211B9ACC7F00F7B5A4 /* unzip.c */ = {isa = PBXFileReference; lastKnownFileType = sourcecode.c.c; path = unzip.c; sourceTree = "<group>"; };
		6346DF221B9ACC7F00F7B5A4 /* unzip.h */ = {isa = PBXFileReference; lastKnownFileType = sourcecode.c.h; path = unzip.h; sourceTree = "<group>"; };
		6346DF231B9ACC7F00F7B5A4 /* zip.c */ = {isa = PBXFileReference; lastKnownFileType = sourcecode.c.c; path = zip.c; sourceTree = "<group>"; };
		6346DF241B9ACC7F00F7B5A4 /* zip.h */ = {isa = PBXFileReference; lastKnownFileType = sourcecode.c.h; path = zip.h; sourceTree = "<group>"; };
/* End PBXFileReference section */

/* Begin PBXGroup section */
		6346DF0B1B9ACC7F00F7B5A4 = {
			isa = PBXGroup;
			children = (
				6346DF111B9ACC7F00F7B5A4 /* .DS_Store */,
				6346DF121B9ACC7F00F7B5A4 /* ChangeLogUnzip */,
				6346DF131B9ACC7F00F7B5A4 /* crypt.h */,
				6346DF141B9ACC7F00F7B5A4 /* ioapi.c */,
				6346DF151B9ACC7F00F7B5A4 /* ioapi.h */,
				6346DF161B9ACC7F00F7B5A4 /* make_vms.com */,
				6346DF171B9ACC7F00F7B5A4 /* Makefile */,
				6346DF181B9ACC7F00F7B5A4 /* miniunz.c */,
				6346DF191B9ACC7F00F7B5A4 /* minizip.c */,
				6346DF1A1B9ACC7F00F7B5A4 /* minizip.xcodeproj */,
				6346DF1D1B9ACC7F00F7B5A4 /* MiniZip64_Changes.txt */,
				6346DF1E1B9ACC7F00F7B5A4 /* MiniZip64_info.txt */,
				6346DF1F1B9ACC7F00F7B5A4 /* mztools.c */,
				6346DF201B9ACC7F00F7B5A4 /* mztools.h */,
				6346DF211B9ACC7F00F7B5A4 /* unzip.c */,
				6346DF221B9ACC7F00F7B5A4 /* unzip.h */,
				6346DF231B9ACC7F00F7B5A4 /* zip.c */,
				6346DF241B9ACC7F00F7B5A4 /* zip.h */,
			);
			sourceTree = "<group>";
		};
		6346DF1B1B9ACC7F00F7B5A4 /* Products */ = {
			isa = PBXGroup;
			children = (
			);
			name = Products;
			sourceTree = "<group>";
		};
/* End PBXGroup section */

/* Begin PBXLegacyTarget section */
		6346DF101B9ACC7F00F7B5A4 /* minizip */ = {
			isa = PBXLegacyTarget;
			buildArgumentsString = "$(ACTION)";
			buildConfigurationList = 6346DF261B9ACC7F00F7B5A4 /* Build configuration list for PBXLegacyTarget "minizip" */;
			buildPhases = (
			);
			buildToolPath = /usr/bin/make;
			buildWorkingDirectory = /Users/david/projects/Slipstream/Slipstream/minizip;
			dependencies = (
			);
			name = minizip;
			passBuildSettingsInEnvironment = 1;
			productName = minizip;
		};
/* End PBXLegacyTarget section */

/* Begin PBXProject section */
		6346DF0C1B9ACC7F00F7B5A4 /* Project object */ = {
			isa = PBXProject;
			attributes = {
			};
			buildConfigurationList = 6346DF0F1B9ACC7F00F7B5A4 /* Build configuration list for PBXProject "minizip 2" */;
			compatibilityVersion = "Xcode 3.2";
			developmentRegion = English;
			hasScannedForEncodings = 0;
			knownRegions = (
				en,
			);
			mainGroup = 6346DF0B1B9ACC7F00F7B5A4;
			projectDirPath = "";
			projectReferences = (
				{
					ProductGroup = 6346DF1B1B9ACC7F00F7B5A4 /* Products */;
					ProjectRef = 6346DF1A1B9ACC7F00F7B5A4 /* minizip.xcodeproj */;
				},
			);
			projectRoot = "";
			targets = (
				6346DF101B9ACC7F00F7B5A4 /* minizip */,
			);
		};
/* End PBXProject section */

/* Begin XCBuildConfiguration section */
		6346DF0D1B9ACC7F00F7B5A4 /* Debug */ = {
			isa = XCBuildConfiguration;
			buildSettings = {
				ARCHS = "$(ARCHS_STANDARD_32_BIT)";
				COPY_PHASE_STRIP = NO;
				GCC_WARN_ABOUT_RETURN_TYPE = YES;
				GCC_WARN_UNUSED_VARIABLE = YES;
				ONLY_ACTIVE_ARCH = YES;
				SDKROOT = macosx10.6;
			};
			name = Debug;
		};
		6346DF0E1B9ACC7F00F7B5A4 /* Release */ = {
			isa = XCBuildConfiguration;
			buildSettings = {
				ARCHS = "$(ARCHS_STANDARD_32_BIT)";
				COPY_PHASE_STRIP = YES;
				GCC_WARN_ABOUT_RETURN_TYPE = YES;
				GCC_WARN_UNUSED_VARIABLE = YES;
				SDKROOT = macosx10.6;
			};
			name = Release;
		};
		6346DF271B9ACC7F00F7B5A4 /* Debug */ = {
			isa = XCBuildConfiguration;
			buildSettings = {
				COPY_PHASE_STRIP = NO;
				DEBUGGING_SYMBOLS = YES;
				GCC_DYNAMIC_NO_PIC = NO;
				GCC_ENABLE_FIX_AND_CONTINUE = YES;
				GCC_GENERATE_DEBUGGING_SYMBOLS = YES;
				GCC_OPTIMIZATION_LEVEL = 0;
				OTHER_CFLAGS = "";
				OTHER_LDFLAGS = "";
				PRODUCT_NAME = minizip;
			};
			name = Debug;
		};
		6346DF281B9ACC7F00F7B5A4 /* Release */ = {
			isa = XCBuildConfiguration;
			buildSettings = {
				COPY_PHASE_STRIP = YES;
				DEBUG_INFORMATION_FORMAT = "dwarf-with-dsym";
				GCC_ENABLE_FIX_AND_CONTINUE = NO;
				OTHER_CFLAGS = "";
				OTHER_LDFLAGS = "";
				PRODUCT_NAME = minizip;
			};
			name = Release;
		};
/* End XCBuildConfiguration section */

/* Begin XCConfigurationList section */
		6346DF0F1B9ACC7F00F7B5A4 /* Build configuration list for PBXProject "minizip 2" */ = {
			isa = XCConfigurationList;
			buildConfigurations = (
				6346DF0D1B9ACC7F00F7B5A4 /* Debug */,
				6346DF0E1B9ACC7F00F7B5A4 /* Release */,
			);
			defaultConfigurationIsVisible = 0;
			defaultConfigurationName = Release;
		};
		6346DF261B9ACC7F00F7B5A4 /* Build configuration list for PBXLegacyTarget "minizip" */ = {
			isa = XCConfigurationList;
			buildConfigurations = (
				6346DF271B9ACC7F00F7B5A4 /* Debug */,
				6346DF281B9ACC7F00F7B5A4 /* Release */,
			);
			defaultConfigurationIsVisible = 0;
			defaultConfigurationName = Release;
		};
/* End XCConfigurationList section */
	};
	rootObject = 6346DF0C1B9ACC7F00F7B5A4 /* Project object */;
}
